
Microsoft Visual Studio Solution File, Format Version 12.00
# Visual Studio Version 17
VisualStudioVersion = 17.5.33414.496
MinimumVisualStudioVersion = 10.0.40219.1
Project("{FAE04EC0-301F-11D3-BF4B-00C04F79EFBC}") = "Iva", "Iva\Iva.csproj", "{0008A595-FF0E-444C-8532-0EF1F19B3FF9}"
EndProject
Global
	GlobalSection(SolutionConfigurationPlatforms) = preSolution
		Debug|Any CPU = Debug|Any CPU
		Release|Any CPU = Release|Any CPU
	EndGlobalSection
	GlobalSection(ProjectConfigurationPlatforms) = postSolution
		{0008A595-FF0E-444C-8532-0EF1F19B3FF9}.Debug|Any CPU.ActiveCfg = Debug|Any CPU
		{0008A595-FF0E-444C-8532-0EF1F19B3FF9}.Debug|Any CPU.Build.0 = Debug|Any CPU
		{0008A595-FF0E-444C-8532-0EF1F19B3FF9}.Release|Any CPU.ActiveCfg = Release|Any CPU
		{0008A595-FF0E-444C-8532-0EF1F19B3FF9}.Release|Any CPU.Build.0 = Release|Any CPU
	EndGlobalSection
	GlobalSection(SolutionProperties) = preSolution
		HideSolutionNode = FALSE
	EndGlobalSection
	GlobalSection(ExtensibilityGlobals) = postSolution
		SolutionGuid = {59AF7327-6A13-448B-AE42-8200339A7297}
	EndGlobalSection
EndGlobal
